
Microsoft Visual Studio Solution File, Format Version 12.00
# Visual Studio Version 17
VisualStudioVersion = 17.6.33801.468
MinimumVisualStudioVersion = 10.0.40219.1
Project("{FAE04EC0-301F-11D3-BF4B-00C04F79EFBC}") = "WetterApp", "WetterApp\WetterApp.csproj", "{5FA3DDEA-4FF9-4833-BBE6-738F9EEF8A95}"
EndProject
Global
	GlobalSection(SolutionConfigurationPlatforms) = preSolution
		Debug|Any CPU = Debug|Any CPU
		Release|Any CPU = Release|Any CPU
	EndGlobalSection
	GlobalSection(ProjectConfigurationPlatforms) = postSolution
		{5FA3DDEA-4FF9-4833-BBE6-738F9EEF8A95}.Debug|Any CPU.ActiveCfg = Debug|Any CPU
		{5FA3DDEA-4FF9-4833-BBE6-738F9EEF8A95}.Debug|Any CPU.Build.0 = Debug|Any CPU
		{5FA3DDEA-4FF9-4833-BBE6-738F9EEF8A95}.Release|Any CPU.ActiveCfg = Release|Any CPU
		{5FA3DDEA-4FF9-4833-BBE6-738F9EEF8A95}.Release|Any CPU.Build.0 = Release|Any CPU
	EndGlobalSection
	GlobalSection(SolutionProperties) = preSolution
		HideSolutionNode = FALSE
	EndGlobalSection
	GlobalSection(ExtensibilityGlobals) = postSolution
		SolutionGuid = {775E92A9-1894-4C72-AFD5-8B1E6047FDA8}
	EndGlobalSection
EndGlobal
